{
  "pins" : [
    {
      "identity" : "alamofire",
      "kind" : "remoteSourceControl",
      "location" : "https://github.com/Alamofire/Alamofire.git",
      "state" : {
        "branch" : "master",
        "revision" : "41bcbaf24f67efb2befd8abc0f32f0c66d1c78be"
      }
    }
  ],
  "version" : 2
}
